
Microsoft Visual Studio Solution File, Format Version 12.00
# Visual Studio Version 16
VisualStudioVersion = 16.0.35130.168
MinimumVisualStudioVersion = 10.0.40219.1
Project("{2150E333-8FDC-42A3-9474-1A3956D46DE8}") = "Task0", "Task0", "{2A13FF7C-CDFC-4E52-8C65-0DE0D7F12A4C}"
EndProject
Project("{FAE04EC0-301F-11D3-BF4B-00C04F79EFBC}") = "Tyuiu.PlatonovaPE.Sprint0.Task0.V0", "Tyuiu.PlatonovaPE.Sprint0.Task0.V0\Tyuiu.PlatonovaPE.Sprint0.Task0.V0.csproj", "{DCD5B833-0CF5-49A5-BA5E-5DDA6CA37B04}"
EndProject
Project("{2150E333-8FDC-42A3-9474-1A3956D46DE8}") = "Task1", "Task1", "{7F64F812-13A2-4906-8B60-2F2E29ECA61A}"
EndProject
Project("{FAE04EC0-301F-11D3-BF4B-00C04F79EFBC}") = "Tyuiu.PlatonovaPE.Sprint0.Task1.V0", "Tyuiu.PlatonovaPE.Sprint0.Task1.V0\Tyuiu.PlatonovaPE.Sprint0.Task1.V0.csproj", "{176A5E51-9D67-49FC-BB8C-CCD5006AA2E8}"
EndProject
Project("{2150E333-8FDC-42A3-9474-1A3956D46DE8}") = "Task2", "Task2", "{F59C7BA2-8AD8-4BF4-BBCA-B8430DE6A15B}"
EndProject
Project("{FAE04EC0-301F-11D3-BF4B-00C04F79EFBC}") = "Tyuiu.PlatonovaPE.Sprint0.Task2.V0", "Tyuiu.PlatonovaPE.Sprint0.Task2.V0\Tyuiu.PlatonovaPE.Sprint0.Task2.V0.csproj", "{C2356824-C2BB-4E75-9E20-F9A4B94596C6}"
EndProject
Project("{FAE04EC0-301F-11D3-BF4B-00C04F79EFBC}") = "Tyuiu.PlatonovaPE.Sprint0.Task2.V0.Test", "UnitTestProject1\Tyuiu.PlatonovaPE.Sprint0.Task2.V0.Test.csproj", "{22683380-14A7-4502-91BA-7C00C4582C3A}"
EndProject
Project("{FAE04EC0-301F-11D3-BF4B-00C04F79EFBC}") = "Tyuiu.PlatonovaPE.Sprint0.Task2.V0.Libb", "Tyuiu.PlatonovaPE.Sprint0.Task2.V0.Libb\Tyuiu.PlatonovaPE.Sprint0.Task2.V0.Libb.csproj", "{F49AE0E3-3200-481A-8DBA-70CE13EFFBF2}"
EndProject
Project("{2150E333-8FDC-42A3-9474-1A3956D46DE8}") = "Task3", "Task3", "{1AF00BDC-2885-4DFE-9A06-E447AE30D625}"
EndProject
Project("{FAE04EC0-301F-11D3-BF4B-00C04F79EFBC}") = "Tyuiu.PlatonovaPE.Sprint0.Task3.V0.Test", "Tyuiu.PlatonovaPE.Sprint0.Task3.V0.Test\Tyuiu.PlatonovaPE.Sprint0.Task3.V0.Test.csproj", "{F203A72F-9508-4340-BD71-6619050C0346}"
EndProject
Project("{FAE04EC0-301F-11D3-BF4B-00C04F79EFBC}") = "Tyuiu.PlatonovaPE.Sprint0.Task3.V0", "Tyuiu.PlatonovaPE.Sprint0.Task3.V0\Tyuiu.PlatonovaPE.Sprint0.Task3.V0.csproj", "{5AC71860-ABD5-4A81-B678-E4B43E2C6296}"
EndProject
Project("{FAE04EC0-301F-11D3-BF4B-00C04F79EFBC}") = "Tyuiu.PlatonovaPE.Sprint0.Task3.V0.Lib", "Tyuiu.PlatonovaPE.Sprint0.Task3.V0.Lib\Tyuiu.PlatonovaPE.Sprint0.Task3.V0.Lib.csproj", "{198B9AB6-C0DC-438D-9E46-8965971E6210}"
EndProject
Project("{2150E333-8FDC-42A3-9474-1A3956D46DE8}") = "Task4", "Task4", "{ADA93042-FD35-4B29-BA2E-94889C45053F}"
EndProject
Project("{FAE04EC0-301F-11D3-BF4B-00C04F79EFBC}") = "Tyuiu.PlatonovaPE.Sprint0.Task4.V0.Test", "Tyuiu.PlatonovaPE.Sprint0.Task4.V0.Test\Tyuiu.PlatonovaPE.Sprint0.Task4.V0.Test.csproj", "{BB5D4FD8-65C2-4ED8-B43B-B9E4F4AF61CD}"
EndProject
Project("{FAE04EC0-301F-11D3-BF4B-00C04F79EFBC}") = "Tyuiu.PlatonovaPE.Sprint0.Task4.V0.Lib", "Tyuiu.PlatonovaPE.Sprint0.Task4.V0.Lib\Tyuiu.PlatonovaPE.Sprint0.Task4.V0.Lib.csproj", "{89CAE1AF-30E3-4122-A097-288E71EF7676}"
EndProject
Project("{FAE04EC0-301F-11D3-BF4B-00C04F79EFBC}") = "Tyuiu.PlatonovaPE.Sprint0.Task4.V0", "Tyuiu.PlatonovaPE.Sprint0.Task4.V0\Tyuiu.PlatonovaPE.Sprint0.Task4.V0.csproj", "{59908819-F5BB-4BEB-85B8-45168D100D54}"
EndProject
Project("{2150E333-8FDC-42A3-9474-1A3956D46DE8}") = "Task5", "Task5", "{ECF632B1-C78B-439C-99CC-18F1228110D6}"
EndProject
Project("{FAE04EC0-301F-11D3-BF4B-00C04F79EFBC}") = "Tyuiu.PlatonovaPE.Sprint0.Task5.V0", "Tyuiu.PlatonovaPE.Sprint0.Task5.V0\Tyuiu.PlatonovaPE.Sprint0.Task5.V0.csproj", "{68B63B5A-05A7-4573-B4B1-6877E6EDC425}"
EndProject
Project("{FAE04EC0-301F-11D3-BF4B-00C04F79EFBC}") = "Tyuiu.PlatonovaPE.Sprint0.Task5.V0.Lib", "Tyuiu.PlatonovaPE.Sprint0.Task5.V0.Lib\Tyuiu.PlatonovaPE.Sprint0.Task5.V0.Lib.csproj", "{0E5DF0A5-B665-43D5-A6AA-588704BC438E}"
EndProject
Project("{FAE04EC0-301F-11D3-BF4B-00C04F79EFBC}") = "Tyuiu.PlatonovaPE.Sprint0.Task5.V0.Test", "Tyuiu.PlatonovaPE.Sprint0.Task5.V0.Test\Tyuiu.PlatonovaPE.Sprint0.Task5.V0.Test.csproj", "{C535766F-D7FC-4E48-ABE8-8C118F501D9D}"
EndProject
Project("{2150E333-8FDC-42A3-9474-1A3956D46DE8}") = "Task6", "Task6", "{61EFFF61-FCB7-4142-90DC-D60FAA77226F}"
EndProject
Project("{FAE04EC0-301F-11D3-BF4B-00C04F79EFBC}") = "Tyuiu.PlatonovaPE.Sprint0.Task6.V0.Lib", "Tyuiu.PlatonovaPE.Sprint0.Task6.V0.Lib\Tyuiu.PlatonovaPE.Sprint0.Task6.V0.Lib.csproj", "{FB27C96C-39C5-4779-B30A-F17A3BC7B9BD}"
EndProject
Project("{FAE04EC0-301F-11D3-BF4B-00C04F79EFBC}") = "Tyuiu.PlatonovaPE.Sprint0.Task6.V0.Test", "Tyuiu.PlatonovaPE.Sprint0.Task6.V0.Test\Tyuiu.PlatonovaPE.Sprint0.Task6.V0.Test.csproj", "{38F58FF5-4734-48E0-A141-C681A8B9EE70}"
EndProject
Project("{FAE04EC0-301F-11D3-BF4B-00C04F79EFBC}") = "Tyuiu.PlatonovaPE.Sprint0.Task6.V0", "Tyuiu.PlatonovaPE.Sprint0.Task6.V0\Tyuiu.PlatonovaPE.Sprint0.Task6.V0.csproj", "{ACC40876-C24A-4BE5-8F2C-4877A533C9C7}"
EndProject
Global
	GlobalSection(SolutionConfigurationPlatforms) = preSolution
		Debug|Any CPU = Debug|Any CPU
		Release|Any CPU = Release|Any CPU
	EndGlobalSection
	GlobalSection(ProjectConfigurationPlatforms) = postSolution
		{DCD5B833-0CF5-49A5-BA5E-5DDA6CA37B04}.Debug|Any CPU.ActiveCfg = Debug|Any CPU
		{DCD5B833-0CF5-49A5-BA5E-5DDA6CA37B04}.Debug|Any CPU.Build.0 = Debug|Any CPU
		{DCD5B833-0CF5-49A5-BA5E-5DDA6CA37B04}.Release|Any CPU.ActiveCfg = Release|Any CPU
		{DCD5B833-0CF5-49A5-BA5E-5DDA6CA37B04}.Release|Any CPU.Build.0 = Release|Any CPU
		{176A5E51-9D67-49FC-BB8C-CCD5006AA2E8}.Debug|Any CPU.ActiveCfg = Debug|Any CPU
		{176A5E51-9D67-49FC-BB8C-CCD5006AA2E8}.Debug|Any CPU.Build.0 = Debug|Any CPU
		{176A5E51-9D67-49FC-BB8C-CCD5006AA2E8}.Release|Any CPU.ActiveCfg = Release|Any CPU
		{176A5E51-9D67-49FC-BB8C-CCD5006AA2E8}.Release|Any CPU.Build.0 = Release|Any CPU
		{C2356824-C2BB-4E75-9E20-F9A4B94596C6}.Debug|Any CPU.ActiveCfg = Debug|Any CPU
		{C2356824-C2BB-4E75-9E20-F9A4B94596C6}.Debug|Any CPU.Build.0 = Debug|Any CPU
		{C2356824-C2BB-4E75-9E20-F9A4B94596C6}.Release|Any CPU.ActiveCfg = Release|Any CPU
		{C2356824-C2BB-4E75-9E20-F9A4B94596C6}.Release|Any CPU.Build.0 = Release|Any CPU
		{22683380-14A7-4502-91BA-7C00C4582C3A}.Debug|Any CPU.ActiveCfg = Debug|Any CPU
		{22683380-14A7-4502-91BA-7C00C4582C3A}.Debug|Any CPU.Build.0 = Debug|Any CPU
		{22683380-14A7-4502-91BA-7C00C4582C3A}.Release|Any CPU.ActiveCfg = Release|Any CPU
		{22683380-14A7-4502-91BA-7C00C4582C3A}.Release|Any CPU.Build.0 = Release|Any CPU
		{F49AE0E3-3200-481A-8DBA-70CE13EFFBF2}.Debug|Any CPU.ActiveCfg = Debug|Any CPU
		{F49AE0E3-3200-481A-8DBA-70CE13EFFBF2}.Debug|Any CPU.Build.0 = Debug|Any CPU
		{F49AE0E3-3200-481A-8DBA-70CE13EFFBF2}.Release|Any CPU.ActiveCfg = Release|Any CPU
		{F49AE0E3-3200-481A-8DBA-70CE13EFFBF2}.Release|Any CPU.Build.0 = Release|Any CPU
		{F203A72F-9508-4340-BD71-6619050C0346}.Debug|Any CPU.ActiveCfg = Debug|Any CPU
		{F203A72F-9508-4340-BD71-6619050C0346}.Debug|Any CPU.Build.0 = Debug|Any CPU
		{F203A72F-9508-4340-BD71-6619050C0346}.Release|Any CPU.ActiveCfg = Release|Any CPU
		{F203A72F-9508-4340-BD71-6619050C0346}.Release|Any CPU.Build.0 = Release|Any CPU
		{5AC71860-ABD5-4A81-B678-E4B43E2C6296}.Debug|Any CPU.ActiveCfg = Debug|Any CPU
		{5AC71860-ABD5-4A81-B678-E4B43E2C6296}.Debug|Any CPU.Build.0 = Debug|Any CPU
		{5AC71860-ABD5-4A81-B678-E4B43E2C6296}.Release|Any CPU.ActiveCfg = Release|Any CPU
		{5AC71860-ABD5-4A81-B678-E4B43E2C6296}.Release|Any CPU.Build.0 = Release|Any CPU
		{198B9AB6-C0DC-438D-9E46-8965971E6210}.Debug|Any CPU.ActiveCfg = Debug|Any CPU
		{198B9AB6-C0DC-438D-9E46-8965971E6210}.Debug|Any CPU.Build.0 = Debug|Any CPU
		{198B9AB6-C0DC-438D-9E46-8965971E6210}.Release|Any CPU.ActiveCfg = Release|Any CPU
		{198B9AB6-C0DC-438D-9E46-8965971E6210}.Release|Any CPU.Build.0 = Release|Any CPU
		{BB5D4FD8-65C2-4ED8-B43B-B9E4F4AF61CD}.Debug|Any CPU.ActiveCfg = Debug|Any CPU
		{BB5D4FD8-65C2-4ED8-B43B-B9E4F4AF61CD}.Debug|Any CPU.Build.0 = Debug|Any CPU
		{BB5D4FD8-65C2-4ED8-B43B-B9E4F4AF61CD}.Release|Any CPU.ActiveCfg = Release|Any CPU
		{BB5D4FD8-65C2-4ED8-B43B-B9E4F4AF61CD}.Release|Any CPU.Build.0 = Release|Any CPU
		{89CAE1AF-30E3-4122-A097-288E71EF7676}.Debug|Any CPU.ActiveCfg = Debug|Any CPU
		{89CAE1AF-30E3-4122-A097-288E71EF7676}.Debug|Any CPU.Build.0 = Debug|Any CPU
		{89CAE1AF-30E3-4122-A097-288E71EF7676}.Release|Any CPU.ActiveCfg = Release|Any CPU
		{89CAE1AF-30E3-4122-A097-288E71EF7676}.Release|Any CPU.Build.0 = Release|Any CPU
		{59908819-F5BB-4BEB-85B8-45168D100D54}.Debug|Any CPU.ActiveCfg = Debug|Any CPU
		{59908819-F5BB-4BEB-85B8-45168D100D54}.Debug|Any CPU.Build.0 = Debug|Any CPU
		{59908819-F5BB-4BEB-85B8-45168D100D54}.Release|Any CPU.ActiveCfg = Release|Any CPU
		{59908819-F5BB-4BEB-85B8-45168D100D54}.Release|Any CPU.Build.0 = Release|Any CPU
		{68B63B5A-05A7-4573-B4B1-6877E6EDC425}.Debug|Any CPU.ActiveCfg = Debug|Any CPU
		{68B63B5A-05A7-4573-B4B1-6877E6EDC425}.Debug|Any CPU.Build.0 = Debug|Any CPU
		{68B63B5A-05A7-4573-B4B1-6877E6EDC425}.Release|Any CPU.ActiveCfg = Release|Any CPU
		{68B63B5A-05A7-4573-B4B1-6877E6EDC425}.Release|Any CPU.Build.0 = Release|Any CPU
		{0E5DF0A5-B665-43D5-A6AA-588704BC438E}.Debug|Any CPU.ActiveCfg = Debug|Any CPU
		{0E5DF0A5-B665-43D5-A6AA-588704BC438E}.Debug|Any CPU.Build.0 = Debug|Any CPU
		{0E5DF0A5-B665-43D5-A6AA-588704BC438E}.Release|Any CPU.ActiveCfg = Release|Any CPU
		{0E5DF0A5-B665-43D5-A6AA-588704BC438E}.Release|Any CPU.Build.0 = Release|Any CPU
		{C535766F-D7FC-4E48-ABE8-8C118F501D9D}.Debug|Any CPU.ActiveCfg = Debug|Any CPU
		{C535766F-D7FC-4E48-ABE8-8C118F501D9D}.Debug|Any CPU.Build.0 = Debug|Any CPU
		{C535766F-D7FC-4E48-ABE8-8C118F501D9D}.Release|Any CPU.ActiveCfg = Release|Any CPU
		{C535766F-D7FC-4E48-ABE8-8C118F501D9D}.Release|Any CPU.Build.0 = Release|Any CPU
		{FB27C96C-39C5-4779-B30A-F17A3BC7B9BD}.Debug|Any CPU.ActiveCfg = Debug|Any CPU
		{FB27C96C-39C5-4779-B30A-F17A3BC7B9BD}.Debug|Any CPU.Build.0 = Debug|Any CPU
		{FB27C96C-39C5-4779-B30A-F17A3BC7B9BD}.Release|Any CPU.ActiveCfg = Release|Any CPU
		{FB27C96C-39C5-4779-B30A-F17A3BC7B9BD}.Release|Any CPU.Build.0 = Release|Any CPU
		{38F58FF5-4734-48E0-A141-C681A8B9EE70}.Debug|Any CPU.ActiveCfg = Debug|Any CPU
		{38F58FF5-4734-48E0-A141-C681A8B9EE70}.Debug|Any CPU.Build.0 = Debug|Any CPU
		{38F58FF5-4734-48E0-A141-C681A8B9EE70}.Release|Any CPU.ActiveCfg = Release|Any CPU
		{38F58FF5-4734-48E0-A141-C681A8B9EE70}.Release|Any CPU.Build.0 = Release|Any CPU
		{ACC40876-C24A-4BE5-8F2C-4877A533C9C7}.Debug|Any CPU.ActiveCfg = Debug|Any CPU
		{ACC40876-C24A-4BE5-8F2C-4877A533C9C7}.Debug|Any CPU.Build.0 = Debug|Any CPU
		{ACC40876-C24A-4BE5-8F2C-4877A533C9C7}.Release|Any CPU.ActiveCfg = Release|Any CPU
		{ACC40876-C24A-4BE5-8F2C-4877A533C9C7}.Release|Any CPU.Build.0 = Release|Any CPU
	EndGlobalSection
	GlobalSection(SolutionProperties) = preSolution
		HideSolutionNode = FALSE
	EndGlobalSection
	GlobalSection(NestedProjects) = preSolution
		{DCD5B833-0CF5-49A5-BA5E-5DDA6CA37B04} = {2A13FF7C-CDFC-4E52-8C65-0DE0D7F12A4C}
		{7F64F812-13A2-4906-8B60-2F2E29ECA61A} = {2A13FF7C-CDFC-4E52-8C65-0DE0D7F12A4C}
		{176A5E51-9D67-49FC-BB8C-CCD5006AA2E8} = {7F64F812-13A2-4906-8B60-2F2E29ECA61A}
		{C2356824-C2BB-4E75-9E20-F9A4B94596C6} = {F59C7BA2-8AD8-4BF4-BBCA-B8430DE6A15B}
		{22683380-14A7-4502-91BA-7C00C4582C3A} = {F59C7BA2-8AD8-4BF4-BBCA-B8430DE6A15B}
		{F49AE0E3-3200-481A-8DBA-70CE13EFFBF2} = {F59C7BA2-8AD8-4BF4-BBCA-B8430DE6A15B}
		{F203A72F-9508-4340-BD71-6619050C0346} = {1AF00BDC-2885-4DFE-9A06-E447AE30D625}
		{5AC71860-ABD5-4A81-B678-E4B43E2C6296} = {1AF00BDC-2885-4DFE-9A06-E447AE30D625}
		{198B9AB6-C0DC-438D-9E46-8965971E6210} = {1AF00BDC-2885-4DFE-9A06-E447AE30D625}
		{BB5D4FD8-65C2-4ED8-B43B-B9E4F4AF61CD} = {ADA93042-FD35-4B29-BA2E-94889C45053F}
		{89CAE1AF-30E3-4122-A097-288E71EF7676} = {ADA93042-FD35-4B29-BA2E-94889C45053F}
		{59908819-F5BB-4BEB-85B8-45168D100D54} = {ADA93042-FD35-4B29-BA2E-94889C45053F}
		{68B63B5A-05A7-4573-B4B1-6877E6EDC425} = {ECF632B1-C78B-439C-99CC-18F1228110D6}
		{0E5DF0A5-B665-43D5-A6AA-588704BC438E} = {ECF632B1-C78B-439C-99CC-18F1228110D6}
		{C535766F-D7FC-4E48-ABE8-8C118F501D9D} = {ECF632B1-C78B-439C-99CC-18F1228110D6}
		{FB27C96C-39C5-4779-B30A-F17A3BC7B9BD} = {61EFFF61-FCB7-4142-90DC-D60FAA77226F}
		{38F58FF5-4734-48E0-A141-C681A8B9EE70} = {61EFFF61-FCB7-4142-90DC-D60FAA77226F}
		{ACC40876-C24A-4BE5-8F2C-4877A533C9C7} = {61EFFF61-FCB7-4142-90DC-D60FAA77226F}
	EndGlobalSection
	GlobalSection(ExtensibilityGlobals) = postSolution
		SolutionGuid = {7DE3D3FC-D6D0-476A-A398-50B6665B61FC}
	EndGlobalSection
EndGlobal
